
Microsoft Visual Studio Solution File, Format Version 12.00
# Visual Studio Version 16
VisualStudioVersion = 25.0.1700.6
MinimumVisualStudioVersion = 10.0.40219.1
Project("{FAE04EC0-301F-11D3-BF4B-00C04F79EFBC}") = "extractor-xml", "extractor-xml.csproj", "{04D0AE35-C7B9-4DA8-9662-75BCF49B3CCF}"
EndProject
Global
	GlobalSection(SolutionConfigurationPlatforms) = preSolution
		Debug|Any CPU = Debug|Any CPU
		Release|Any CPU = Release|Any CPU
	EndGlobalSection
	GlobalSection(ProjectConfigurationPlatforms) = postSolution
		{04D0AE35-C7B9-4DA8-9662-75BCF49B3CCF}.Debug|Any CPU.ActiveCfg = Debug|Any CPU
		{04D0AE35-C7B9-4DA8-9662-75BCF49B3CCF}.Debug|Any CPU.Build.0 = Debug|Any CPU
		{04D0AE35-C7B9-4DA8-9662-75BCF49B3CCF}.Release|Any CPU.ActiveCfg = Release|Any CPU
		{04D0AE35-C7B9-4DA8-9662-75BCF49B3CCF}.Release|Any CPU.Build.0 = Release|Any CPU
	EndGlobalSection
	GlobalSection(SolutionProperties) = preSolution
		HideSolutionNode = FALSE
	EndGlobalSection
	GlobalSection(ExtensibilityGlobals) = postSolution
		SolutionGuid = {85DE5AB5-BE15-4C7E-A307-C8F48FCD475E}
	EndGlobalSection
EndGlobal
